
Microsoft Visual Studio Solution File, Format Version 12.00
# Visual Studio Version 16
VisualStudioVersion = 16.0.31702.278
MinimumVisualStudioVersion = 10.0.40219.1
Project("{FAE04EC0-301F-11D3-BF4B-00C04F79EFBC}") = "KKS_StudioItemIK", "ExtendedIK\KKS_StudioItemIK.csproj", "{B0A2C406-3251-4073-9D74-43EFFD864A2E}"
EndProject
Project("{FAE04EC0-301F-11D3-BF4B-00C04F79EFBC}") = "KK_StudioItemIK", "KK_StudioItemIK\KK_StudioItemIK.csproj", "{A0A3D78E-B15A-4CBA-85FD-389D321A5F55}"
EndProject
Global
	GlobalSection(SolutionConfigurationPlatforms) = preSolution
		Debug|Any CPU = Debug|Any CPU
		Release|Any CPU = Release|Any CPU
	EndGlobalSection
	GlobalSection(ProjectConfigurationPlatforms) = postSolution
		{B0A2C406-3251-4073-9D74-43EFFD864A2E}.Debug|Any CPU.ActiveCfg = Debug|Any CPU
		{B0A2C406-3251-4073-9D74-43EFFD864A2E}.Debug|Any CPU.Build.0 = Debug|Any CPU
		{B0A2C406-3251-4073-9D74-43EFFD864A2E}.Release|Any CPU.ActiveCfg = Release|Any CPU
		{B0A2C406-3251-4073-9D74-43EFFD864A2E}.Release|Any CPU.Build.0 = Release|Any CPU
		{A0A3D78E-B15A-4CBA-85FD-389D321A5F55}.Debug|Any CPU.ActiveCfg = Debug|Any CPU
		{A0A3D78E-B15A-4CBA-85FD-389D321A5F55}.Debug|Any CPU.Build.0 = Debug|Any CPU
		{A0A3D78E-B15A-4CBA-85FD-389D321A5F55}.Release|Any CPU.ActiveCfg = Release|Any CPU
		{A0A3D78E-B15A-4CBA-85FD-389D321A5F55}.Release|Any CPU.Build.0 = Release|Any CPU
	EndGlobalSection
	GlobalSection(SolutionProperties) = preSolution
		HideSolutionNode = FALSE
	EndGlobalSection
	GlobalSection(ExtensibilityGlobals) = postSolution
		SolutionGuid = {973F8BF9-0328-421B-B4B0-17D9692EB891}
	EndGlobalSection
EndGlobal
